
Microsoft Visual Studio Solution File, Format Version 12.00
# Visual Studio Version 16
VisualStudioVersion = 16.0.32510.428
MinimumVisualStudioVersion = 10.0.40219.1
Project("{FAE04EC0-301F-11D3-BF4B-00C04F79EFBC}") = "National4HSatrusLiveAPI", "National4HSatrusLiveAPI.csproj", "{55A9E3EB-00B7-42C2-9BEC-F32DFCBE1129}"
EndProject
Global
	GlobalSection(SolutionConfigurationPlatforms) = preSolution
		Debug|Any CPU = Debug|Any CPU
		Production|Any CPU = Production|Any CPU
		Release|Any CPU = Release|Any CPU
	EndGlobalSection
	GlobalSection(ProjectConfigurationPlatforms) = postSolution
		{55A9E3EB-00B7-42C2-9BEC-F32DFCBE1129}.Debug|Any CPU.ActiveCfg = Debug|Any CPU
		{55A9E3EB-00B7-42C2-9BEC-F32DFCBE1129}.Debug|Any CPU.Build.0 = Debug|Any CPU
		{55A9E3EB-00B7-42C2-9BEC-F32DFCBE1129}.Production|Any CPU.ActiveCfg = Production|Any CPU
		{55A9E3EB-00B7-42C2-9BEC-F32DFCBE1129}.Production|Any CPU.Build.0 = Production|Any CPU
		{55A9E3EB-00B7-42C2-9BEC-F32DFCBE1129}.Release|Any CPU.ActiveCfg = Release|Any CPU
		{55A9E3EB-00B7-42C2-9BEC-F32DFCBE1129}.Release|Any CPU.Build.0 = Release|Any CPU
	EndGlobalSection
	GlobalSection(SolutionProperties) = preSolution
		HideSolutionNode = FALSE
	EndGlobalSection
	GlobalSection(ExtensibilityGlobals) = postSolution
		SolutionGuid = {FB1E55A2-7871-45C1-91B3-11E67818ED9B}
	EndGlobalSection
EndGlobal
